{
    "_readme": [
        "This file locks the dependencies of your project to a known state",
        "Read more about it at http://getcomposer.org/doc/01-basic-usage.md#composer-lock-the-lock-file"
    ],
    "hash": "119c88c6e5c883cffa605a55a2ccc1f8",
    "packages": [
        {
            "name": "evenement/evenement",
            "version": "1.0.x-dev",
            "source": {
                "type": "git",
                "url": "https://github.com/igorw/evenement.git",
                "reference": "8b0918f8374327dfed4408fe467980ab41d556dd"
            },
            "dist": {
                "type": "zip",
                "url": "https://api.github.com/repos/igorw/evenement/zipball/8b0918f8374327dfed4408fe467980ab41d556dd",
                "reference": "8b0918f8374327dfed4408fe467980ab41d556dd",
                "shasum": ""
            },
            "require": {
                "php": ">=5.3.0"
            },
            "type": "library",
            "extra": {
                "branch-alias": {
                    "dev-master": "2.0-dev"
                }
            },
            "autoload": {
                "psr-0": {
                    "Evenement": "src"
                }
            },
            "notification-url": "https://packagist.org/downloads/",
            "license": [
                "MIT"
            ],
            "authors": [
                {
                    "name": "Igor Wiedler",
                    "email": "igor@wiedler.ch",
                    "homepage": "http://wiedler.ch/igor/"
                }
            ],
            "description": "Événement is a very simple event dispatching library for PHP 5.3",
            "keywords": [
                "event-dispatcher"
            ],
            "time": "2012-12-29 17:04:52"
        },
        {
            "name": "guzzle/parser",
            "version": "dev-master",
            "target-dir": "Guzzle/Parser",
            "source": {
                "type": "git",
                "url": "https://github.com/guzzle/parser.git",
                "reference": "a25c2ddda1c52fb69a4ee56eb530b13ddd9573c2"
            },
            "dist": {
                "type": "zip",
                "url": "https://api.github.com/repos/guzzle/parser/zipball/a25c2ddda1c52fb69a4ee56eb530b13ddd9573c2",
                "reference": "a25c2ddda1c52fb69a4ee56eb530b13ddd9573c2",
                "shasum": ""
            },
            "require": {
                "php": ">=5.3.2"
            },
            "type": "library",
            "extra": {
                "branch-alias": {
                    "dev-master": "3.7-dev"
                }
            },
            "autoload": {
                "psr-0": {
                    "Guzzle\\Parser": ""
                }
            },
            "notification-url": "https://packagist.org/downloads/",
            "license": [
                "MIT"
            ],
            "description": "Interchangeable parsers used by Guzzle",
            "homepage": "http://guzzlephp.org/",
            "keywords": [
                "URI Template",
                "cookie",
                "http",
                "message",
                "url"
            ],
            "time": "2013-07-11 22:46:03"
        },
        {
            "name": "monolog/monolog",
            "version": "1.7.0",
            "source": {
                "type": "git",
                "url": "https://github.com/Seldaek/monolog.git",
                "reference": "6225b22de9dcf36546be3a0b2fa8e3d986153f57"
            },
            "dist": {
                "type": "zip",
                "url": "https://api.github.com/repos/Seldaek/monolog/zipball/6225b22de9dcf36546be3a0b2fa8e3d986153f57",
                "reference": "6225b22de9dcf36546be3a0b2fa8e3d986153f57",
                "shasum": ""
            },
            "require": {
                "php": ">=5.3.0",
                "psr/log": "~1.0"
            },
            "require-dev": {
                "aws/aws-sdk-php": "~2.4.8",
                "doctrine/couchdb": "dev-master",
                "mlehner/gelf-php": "1.0.*",
                "phpunit/phpunit": "~3.7.0",
                "raven/raven": "0.5.*",
                "ruflin/elastica": "0.90.*"
            },
            "suggest": {
                "aws/aws-sdk-php": "Allow sending log messages to AWS services like DynamoDB",
                "doctrine/couchdb": "Allow sending log messages to a CouchDB server",
                "ext-amqp": "Allow sending log messages to an AMQP server (1.0+ required)",
                "ext-mongo": "Allow sending log messages to a MongoDB server",
                "mlehner/gelf-php": "Allow sending log messages to a GrayLog2 server",
                "raven/raven": "Allow sending log messages to a Sentry server",
                "ruflin/elastica": "Allow sending log messages to an Elastic Search server"
            },
            "type": "library",
            "extra": {
                "branch-alias": {
                    "dev-master": "1.7.x-dev"
                }
            },
            "autoload": {
                "psr-0": {
                    "Monolog": "src/"
                }
            },
            "notification-url": "https://packagist.org/downloads/",
            "license": [
                "MIT"
            ],
            "authors": [
                {
                    "name": "Jordi Boggiano",
                    "email": "j.boggiano@seld.be",
                    "homepage": "http://seld.be",
                    "role": "Developer"
                }
            ],
            "description": "Sends your logs to files, sockets, inboxes, databases and various web services",
            "homepage": "http://github.com/Seldaek/monolog",
            "keywords": [
                "log",
                "logging",
                "psr-3"
            ],
            "time": "2013-11-14 19:48:31"
        },
        {
            "name": "phpcollection/phpcollection",
            "version": "dev-master",
            "source": {
                "type": "git",
                "url": "https://github.com/schmittjoh/php-collection.git",
                "reference": "5c8ec0d1091c95b973b59a3bf0eb19c5de72d8d1"
            },
            "dist": {
                "type": "zip",
                "url": "https://api.github.com/repos/schmittjoh/php-collection/zipball/5c8ec0d1091c95b973b59a3bf0eb19c5de72d8d1",
                "reference": "5c8ec0d1091c95b973b59a3bf0eb19c5de72d8d1",
                "shasum": ""
            },
            "require": {
                "phpoption/phpoption": "1.*"
            },
            "type": "library",
            "extra": {
                "branch-alias": {
                    "dev-master": "0.2-dev"
                }
            },
            "autoload": {
                "psr-0": {
                    "PhpCollection": "src/"
                }
            },
            "notification-url": "https://packagist.org/downloads/",
            "license": [
                "Apache2"
            ],
            "authors": [
                {
                    "name": "Johannes M. Schmitt",
                    "email": "schmittjoh@gmail.com",
                    "homepage": "http://jmsyst.com",
                    "role": "Developer of wrapped JMSSerializerBundle"
                }
            ],
            "description": "General-Purpose Collection Library for PHP",
            "keywords": [
                "collection",
                "list",
                "map",
                "sequence",
                "set"
            ],
            "time": "2013-08-22 09:46:14"
        },
        {
            "name": "phpoption/phpoption",
            "version": "dev-master",
            "source": {
                "type": "git",
                "url": "https://github.com/schmittjoh/php-option.git",
                "reference": "1c7e8016289d17d83ced49c56d0f266fd0568941"
            },
            "dist": {
                "type": "zip",
                "url": "https://api.github.com/repos/schmittjoh/php-option/zipball/1c7e8016289d17d83ced49c56d0f266fd0568941",
                "reference": "1c7e8016289d17d83ced49c56d0f266fd0568941",
                "shasum": ""
            },
            "require": {
                "php": ">=5.3.0"
            },
            "type": "library",
            "extra": {
                "branch-alias": {
                    "dev-master": "1.3-dev"
                }
            },
            "autoload": {
                "psr-0": {
                    "PhpOption\\": "src/"
                }
            },
            "notification-url": "https://packagist.org/downloads/",
            "license": [
                "Apache2"
            ],
            "authors": [
                {
                    "name": "Johannes M. Schmitt",
                    "email": "schmittjoh@gmail.com",
                    "homepage": "http://jmsyst.com",
                    "role": "Developer of wrapped JMSSerializerBundle"
                }
            ],
            "description": "Option Type for PHP",
            "keywords": [
                "language",
                "option",
                "php",
                "type"
            ],
            "time": "2013-05-19 11:09:35"
        },
        {
            "name": "psr/log",
            "version": "dev-master",
            "source": {
                "type": "git",
                "url": "https://github.com/php-fig/log.git",
                "reference": "134145e8d08ddcb9bb8f49a2feb9aa1f2393650c"
            },
            "dist": {
                "type": "zip",
                "url": "https://api.github.com/repos/php-fig/log/zipball/134145e8d08ddcb9bb8f49a2feb9aa1f2393650c",
                "reference": "134145e8d08ddcb9bb8f49a2feb9aa1f2393650c",
                "shasum": ""
            },
            "type": "library",
            "extra": {
                "branch-alias": {
                    "dev-master": "1.0.x-dev"
                }
            },
            "autoload": {
                "psr-0": {
                    "Psr\\Log\\": ""
                }
            },
            "notification-url": "https://packagist.org/downloads/",
            "license": [
                "MIT"
            ],
            "authors": [
                {
                    "name": "PHP-FIG",
                    "homepage": "http://www.php-fig.org/"
                }
            ],
            "description": "Common interface for logging libraries",
            "keywords": [
                "log",
                "psr",
                "psr-3"
            ],
            "time": "2013-11-19 10:21:35"
        },
        {
            "name": "react/promise",
            "version": "dev-master",
            "source": {
                "type": "git",
                "url": "https://github.com/reactphp/promise.git",
                "reference": "d6de8cae1dbb4878d909c41cb89aff764504472c"
            },
            "dist": {
                "type": "zip",
                "url": "https://api.github.com/repos/reactphp/promise/zipball/d6de8cae1dbb4878d909c41cb89aff764504472c",
                "reference": "d6de8cae1dbb4878d909c41cb89aff764504472c",
                "shasum": ""
            },
            "require": {
                "php": ">=5.3.3"
            },
            "type": "library",
            "extra": {
                "branch-alias": {
                    "dev-master": "1.0-dev"
                }
            },
            "autoload": {
                "psr-0": {
                    "React\\Promise": "src/"
                }
            },
            "notification-url": "https://packagist.org/downloads/",
            "license": [
                "MIT"
            ],
            "authors": [
                {
                    "name": "Jan Sorgalla",
                    "email": "jsorgalla@googlemail.com",
                    "homepage": "http://sorgalla.com",
                    "role": "maintainer"
                }
            ],
            "description": "A lightweight implementation of CommonJS Promises/A for PHP",
            "time": "2013-04-03 14:05:55"
        },
        {
            "name": "react/react",
            "version": "dev-master",
            "source": {
                "type": "git",
                "url": "https://github.com/reactphp/react.git",
                "reference": "375071dbeacaba7712d2409c7123de3b5421cad8"
            },
            "dist": {
                "type": "zip",
                "url": "https://api.github.com/repos/reactphp/react/zipball/375071dbeacaba7712d2409c7123de3b5421cad8",
                "reference": "375071dbeacaba7712d2409c7123de3b5421cad8",
                "shasum": ""
            },
            "require": {
                "evenement/evenement": "1.0.*",
                "guzzle/parser": "~3.0",
                "php": ">=5.4.0",
                "react/promise": "~1.0"
            },
            "replace": {
                "react/cache": "self.version",
                "react/dns": "self.version",
                "react/event-loop": "self.version",
                "react/http": "self.version",
                "react/http-client": "self.version",
                "react/socket": "self.version",
                "react/socket-client": "self.version",
                "react/stream": "self.version"
            },
            "suggest": {
                "ext-libev": "*",
                "ext-libevent": "*"
            },
            "type": "library",
            "extra": {
                "branch-alias": {
                    "dev-master": "0.4-dev"
                }
            },
            "autoload": {
                "psr-0": {
                    "React": "src"
                }
            },
            "notification-url": "https://packagist.org/downloads/",
            "license": [
                "MIT"
            ],
            "description": "Nuclear Reactor written in PHP.",
            "keywords": [
                "event-loop",
                "reactor"
            ],
            "time": "2013-10-19 16:15:57"
        },
        {
            "name": "symfony/config",
            "version": "dev-master",
            "target-dir": "Symfony/Component/Config",
            "source": {
                "type": "git",
                "url": "https://github.com/symfony/Config.git",
                "reference": "61b6bb7963508cfadedaf6ed2b04c6c9bd954156"
            },
            "dist": {
                "type": "zip",
                "url": "https://api.github.com/repos/symfony/Config/zipball/61b6bb7963508cfadedaf6ed2b04c6c9bd954156",
                "reference": "61b6bb7963508cfadedaf6ed2b04c6c9bd954156",
                "shasum": ""
            },
            "require": {
                "php": ">=5.3.3",
                "symfony/filesystem": "~2.3"
            },
            "type": "library",
            "extra": {
                "branch-alias": {
                    "dev-master": "2.5-dev"
                }
            },
            "autoload": {
                "psr-0": {
                    "Symfony\\Component\\Config\\": ""
                }
            },
            "notification-url": "https://packagist.org/downloads/",
            "license": [
                "MIT"
            ],
            "authors": [
                {
                    "name": "Fabien Potencier",
                    "email": "fabien@symfony.com"
                },
                {
                    "name": "Symfony Community",
                    "homepage": "http://symfony.com/contributors"
                }
            ],
            "description": "Symfony Config Component",
            "homepage": "http://symfony.com",
            "time": "2013-11-26 16:42:52"
        },
        {
            "name": "symfony/dependency-injection",
            "version": "dev-master",
            "target-dir": "Symfony/Component/DependencyInjection",
            "source": {
                "type": "git",
                "url": "https://github.com/symfony/DependencyInjection.git",
                "reference": "6482bdb5b265514489750877867abeda5d34bdd7"
            },
            "dist": {
                "type": "zip",
                "url": "https://api.github.com/repos/symfony/DependencyInjection/zipball/6482bdb5b265514489750877867abeda5d34bdd7",
                "reference": "6482bdb5b265514489750877867abeda5d34bdd7",
                "shasum": ""
            },
            "require": {
                "php": ">=5.3.3"
            },
            "require-dev": {
                "symfony/config": "~2.2",
                "symfony/expression-language": "~2.4",
                "symfony/yaml": "~2.0"
            },
            "suggest": {
                "symfony/config": "",
                "symfony/proxy-manager-bridge": "Generate service proxies to lazy load them",
                "symfony/yaml": ""
            },
            "type": "library",
            "extra": {
                "branch-alias": {
                    "dev-master": "2.5-dev"
                }
            },
            "autoload": {
                "psr-0": {
                    "Symfony\\Component\\DependencyInjection\\": ""
                }
            },
            "notification-url": "https://packagist.org/downloads/",
            "license": [
                "MIT"
            ],
            "authors": [
                {
                    "name": "Fabien Potencier",
                    "email": "fabien@symfony.com"
                },
                {
                    "name": "Symfony Community",
                    "homepage": "http://symfony.com/contributors"
                }
            ],
            "description": "Symfony DependencyInjection Component",
            "homepage": "http://symfony.com",
            "time": "2013-11-26 16:42:52"
        },
        {
            "name": "symfony/filesystem",
            "version": "dev-master",
            "target-dir": "Symfony/Component/Filesystem",
            "source": {
                "type": "git",
                "url": "https://github.com/symfony/Filesystem.git",
                "reference": "c136348f53ef538f1a3fa0b25b73c9c3bf223b31"
            },
            "dist": {
                "type": "zip",
                "url": "https://api.github.com/repos/symfony/Filesystem/zipball/c136348f53ef538f1a3fa0b25b73c9c3bf223b31",
                "reference": "c136348f53ef538f1a3fa0b25b73c9c3bf223b31",
                "shasum": ""
            },
            "require": {
                "php": ">=5.3.3"
            },
            "type": "library",
            "extra": {
                "branch-alias": {
                    "dev-master": "2.5-dev"
                }
            },
            "autoload": {
                "psr-0": {
                    "Symfony\\Component\\Filesystem\\": ""
                }
            },
            "notification-url": "https://packagist.org/downloads/",
            "license": [
                "MIT"
            ],
            "authors": [
                {
                    "name": "Fabien Potencier",
                    "email": "fabien@symfony.com"
                },
                {
                    "name": "Symfony Community",
                    "homepage": "http://symfony.com/contributors"
                }
            ],
            "description": "Symfony Filesystem Component",
            "homepage": "http://symfony.com",
            "time": "2013-11-24 20:17:07"
        },
        {
            "name": "symfony/routing",
            "version": "v2.3.7",
            "target-dir": "Symfony/Component/Routing",
            "source": {
                "type": "git",
                "url": "https://github.com/symfony/Routing.git",
                "reference": "7d41463094752e87a0fae60316d236abecb8a034"
            },
            "dist": {
                "type": "zip",
                "url": "https://api.github.com/repos/symfony/Routing/zipball/7d41463094752e87a0fae60316d236abecb8a034",
                "reference": "7d41463094752e87a0fae60316d236abecb8a034",
                "shasum": ""
            },
            "require": {
                "php": ">=5.3.3"
            },
            "require-dev": {
                "doctrine/common": "~2.2",
                "psr/log": "~1.0",
                "symfony/config": "~2.2",
                "symfony/yaml": "~2.0"
            },
            "suggest": {
                "doctrine/common": "",
                "symfony/config": "",
                "symfony/yaml": ""
            },
            "type": "library",
            "extra": {
                "branch-alias": {
                    "dev-master": "2.3-dev"
                }
            },
            "autoload": {
                "psr-0": {
                    "Symfony\\Component\\Routing\\": ""
                }
            },
            "notification-url": "https://packagist.org/downloads/",
            "license": [
                "MIT"
            ],
            "authors": [
                {
                    "name": "Fabien Potencier",
                    "email": "fabien@symfony.com"
                },
                {
                    "name": "Symfony Community",
                    "homepage": "http://symfony.com/contributors"
                }
            ],
            "description": "Symfony Routing Component",
            "homepage": "http://symfony.com",
            "time": "2013-09-29 19:41:41"
        },
        {
            "name": "symfony/yaml",
            "version": "dev-master",
            "target-dir": "Symfony/Component/Yaml",
            "source": {
                "type": "git",
                "url": "https://github.com/symfony/Yaml.git",
                "reference": "1481f096caead542c2dfadd67d9fd6124d97e273"
            },
            "dist": {
                "type": "zip",
                "url": "https://api.github.com/repos/symfony/Yaml/zipball/1481f096caead542c2dfadd67d9fd6124d97e273",
                "reference": "1481f096caead542c2dfadd67d9fd6124d97e273",
                "shasum": ""
            },
            "require": {
                "php": ">=5.3.3"
            },
            "type": "library",
            "extra": {
                "branch-alias": {
                    "dev-master": "2.5-dev"
                }
            },
            "autoload": {
                "psr-0": {
                    "Symfony\\Component\\Yaml\\": ""
                }
            },
            "notification-url": "https://packagist.org/downloads/",
            "license": [
                "MIT"
            ],
            "authors": [
                {
                    "name": "Fabien Potencier",
                    "email": "fabien@symfony.com"
                },
                {
                    "name": "Symfony Community",
                    "homepage": "http://symfony.com/contributors"
                }
            ],
            "description": "Symfony Yaml Component",
            "homepage": "http://symfony.com",
            "time": "2013-11-26 16:42:52"
        },
        {
            "name": "thinframe/annotations",
            "version": "dev-master",
            "source": {
                "type": "git",
                "url": "https://github.com/thinframe/annotations.git",
                "reference": "b5ca7946220c51b507f66307419a804429c47937"
            },
            "dist": {
                "type": "zip",
                "url": "https://api.github.com/repos/thinframe/annotations/zipball/b5ca7946220c51b507f66307419a804429c47937",
                "reference": "b5ca7946220c51b507f66307419a804429c47937",
                "shasum": ""
            },
            "require": {
                "php": ">=5.4.0",
                "thinframe/foundation": "dev-master"
            },
            "type": "library",
            "autoload": {
                "psr-0": {
                    "": "src/"
                }
            },
            "notification-url": "https://packagist.org/downloads/",
            "license": [
                "MIT"
            ],
            "authors": [
                {
                    "name": "Sorin Badea",
                    "email": "sorin.badea91@gmail.com",
                    "homepage": "http://sorinbadea.me",
                    "role": "Developer"
                }
            ],
            "description": "Annotations metadata for PHP classes",
            "homepage": "http://thinframe.net",
            "keywords": [
                "annotations",
                "metadata",
                "thinframe"
            ],
            "time": "2013-11-11 19:05:12"
        },
        {
            "name": "thinframe/applications",
            "version": "dev-master",
            "source": {
                "type": "git",
                "url": "https://github.com/thinframe/applications.git",
                "reference": "4c253215896b6a661d6710ab09568381b0c14c20"
            },
            "dist": {
                "type": "zip",
                "url": "https://api.github.com/repos/thinframe/applications/zipball/4c253215896b6a661d6710ab09568381b0c14c20",
                "reference": "4c253215896b6a661d6710ab09568381b0c14c20",
                "shasum": ""
            },
            "require": {
                "php": ">=5.4.0",
                "symfony/config": "dev-master",
                "symfony/dependency-injection": "dev-master",
                "symfony/yaml": "dev-master",
                "thinframe/foundation": "dev-master"
            },
            "type": "library",
            "autoload": {
                "psr-0": {
                    "": "src/"
                }
            },
            "notification-url": "https://packagist.org/downloads/",
            "license": [
                "MIT"
            ],
            "authors": [
                {
                    "name": "Sorin Badea",
                    "email": "sorin.badea91@gmail.com",
                    "homepage": "http://sorinbadea.me",
                    "role": "Developer"
                }
            ],
            "description": "PHP applications ecosystem",
            "homepage": "http://thinframe.net",
            "keywords": [
                "Applications",
                "ecosystem",
                "thinframe"
            ],
            "time": "2013-12-01 21:03:49"
        },
        {
            "name": "thinframe/command_line",
            "version": "dev-master",
            "source": {
                "type": "git",
                "url": "https://github.com/thinframe/command_line.git",
                "reference": "947f2fcb8ad2d57b1a896615392c7de9ffa04371"
            },
            "dist": {
                "type": "zip",
                "url": "https://api.github.com/repos/thinframe/command_line/zipball/947f2fcb8ad2d57b1a896615392c7de9ffa04371",
                "reference": "947f2fcb8ad2d57b1a896615392c7de9ffa04371",
                "shasum": ""
            },
            "require": {
                "php": ">=5.4.0",
                "thinframe/foundation": "dev-master"
            },
            "bin": [
                "bin/.thinframerc",
                "bin/install",
                "bin/completion",
                "bin/thinframe"
            ],
            "type": "library",
            "autoload": {
                "psr-0": {
                    "": "src/"
                }
            },
            "notification-url": "https://packagist.org/downloads/",
            "license": [
                "MIT"
            ],
            "authors": [
                {
                    "name": "Sorin Badea",
                    "email": "sorin.badea91@gmail.com",
                    "homepage": "http://sorinbadea.me",
                    "role": "Developer"
                }
            ],
            "description": "CLI support for PHP applications.",
            "homepage": "http://thinframe.net",
            "keywords": [
                "cli",
                "command line",
                "thinframe"
            ],
            "time": "2013-11-27 20:16:23"
        },
        {
            "name": "thinframe/events",
            "version": "dev-master",
            "source": {
                "type": "git",
                "url": "https://github.com/thinframe/events.git",
                "reference": "7a5b33f7778d80fbbee3fb78de78dfef5bc3644a"
            },
            "dist": {
                "type": "zip",
                "url": "https://api.github.com/repos/thinframe/events/zipball/7a5b33f7778d80fbbee3fb78de78dfef5bc3644a",
                "reference": "7a5b33f7778d80fbbee3fb78de78dfef5bc3644a",
                "shasum": ""
            },
            "require": {
                "php": ">=5.4.0",
                "thinframe/foundation": "dev-master"
            },
            "type": "library",
            "autoload": {
                "psr-0": {
                    "": "src/"
                }
            },
            "notification-url": "https://packagist.org/downloads/",
            "license": [
                "MIT"
            ],
            "authors": [
                {
                    "name": "Sorin Badea",
                    "email": "sorin.badea91@gmail.com",
                    "homepage": "http://sorinbadea.me",
                    "role": "Developer"
                }
            ],
            "description": "Powerful events system.",
            "homepage": "http://thinframe.net",
            "keywords": [
                "events",
                "thinframe"
            ],
            "time": "2013-11-11 18:48:53"
        },
        {
            "name": "thinframe/foundation",
            "version": "dev-master",
            "source": {
                "type": "git",
                "url": "https://github.com/thinframe/foundation.git",
                "reference": "de444906dea18fe1038cd0ae435c020240e1bbd7"
            },
            "dist": {
                "type": "zip",
                "url": "https://api.github.com/repos/thinframe/foundation/zipball/de444906dea18fe1038cd0ae435c020240e1bbd7",
                "reference": "de444906dea18fe1038cd0ae435c020240e1bbd7",
                "shasum": ""
            },
            "require": {
                "php": ">=5.4.0",
                "phpcollection/phpcollection": "dev-master",
                "psr/log": "dev-master"
            },
            "type": "library",
            "autoload": {
                "psr-0": {
                    "": "src/"
                }
            },
            "notification-url": "https://packagist.org/downloads/",
            "license": [
                "MIT"
            ],
            "authors": [
                {
                    "name": "Sorin Badea",
                    "email": "sorin.badea91@gmail.com",
                    "homepage": "http://sorinbadea.me",
                    "role": "Developer"
                }
            ],
            "description": "A collection of classes that make the foundation of all ThinFrame components",
            "homepage": "http://thinframe.net",
            "keywords": [
                "foundation",
                "thinframe"
            ],
            "time": "2013-11-11 18:42:38"
        },
        {
            "name": "thinframe/http",
            "version": "dev-master",
            "source": {
                "type": "git",
                "url": "https://github.com/thinframe/http.git",
                "reference": "f2968f395167d5f0da5d248573697069fe90b84a"
            },
            "dist": {
                "type": "zip",
                "url": "https://api.github.com/repos/thinframe/http/zipball/f2968f395167d5f0da5d248573697069fe90b84a",
                "reference": "f2968f395167d5f0da5d248573697069fe90b84a",
                "shasum": ""
            },
            "require": {
                "php": ">=5.4.0",
                "thinframe/foundation": "dev-master"
            },
            "type": "library",
            "autoload": {
                "psr-0": {
                    "": "src/"
                }
            },
            "notification-url": "https://packagist.org/downloads/",
            "license": [
                "MIT"
            ],
            "authors": [
                {
                    "name": "Sorin Badea",
                    "email": "sorin.badea91@gmail.com",
                    "homepage": "http://sorinbadea.me",
                    "role": "Developer"
                }
            ],
            "description": " collection of PHP classes that simplifies the work with the HTTP protocol.",
            "homepage": "http://thinframe.net",
            "keywords": [
                "cookies",
                "headers",
                "http",
                "interfaces",
                "thinframe"
            ],
            "time": "2013-11-28 04:18:41"
        },
        {
            "name": "thinframe/pcntl",
            "version": "dev-master",
            "source": {
                "type": "git",
                "url": "https://github.com/thinframe/pcntl.git",
                "reference": "819e9ebcc91f534687733e0cada7922a496a5f91"
            },
            "dist": {
                "type": "zip",
                "url": "https://api.github.com/repos/thinframe/pcntl/zipball/819e9ebcc91f534687733e0cada7922a496a5f91",
                "reference": "819e9ebcc91f534687733e0cada7922a496a5f91",
                "shasum": ""
            },
            "require": {
                "php": ">=5.4.0",
                "thinframe/foundation": "dev-master"
            },
            "type": "library",
            "autoload": {
                "psr-0": {
                    "": "src/"
                }
            },
            "notification-url": "https://packagist.org/downloads/",
            "license": [
                "MIT"
            ],
            "authors": [
                {
                    "name": "Sorin Badea",
                    "email": "sorin.badea91@gmail.com",
                    "homepage": "http://sorinbadea.me",
                    "role": "Developer"
                }
            ],
            "homepage": "http://thinframe.net",
            "keywords": [
                "pcntl",
                "thinframe"
            ],
            "time": "2013-11-11 19:38:46"
        },
        {
            "name": "thinframe/server",
            "version": "dev-master",
            "source": {
                "type": "git",
                "url": "https://github.com/thinframe/server.git",
                "reference": "50d7ef020f4e7e2b18c263d6ad2e6ea83c7f0ca5"
            },
            "dist": {
                "type": "zip",
                "url": "https://api.github.com/repos/thinframe/server/zipball/50d7ef020f4e7e2b18c263d6ad2e6ea83c7f0ca5",
                "reference": "50d7ef020f4e7e2b18c263d6ad2e6ea83c7f0ca5",
                "shasum": ""
            },
            "require": {
                "php": ">=5.4.0",
                "react/react": "dev-master",
                "thinframe/applications": "dev-master",
                "thinframe/events": "dev-master",
                "thinframe/foundation": "dev-master",
                "thinframe/http": "dev-master"
            },
            "type": "library",
            "autoload": {
                "psr-0": {
                    "": "src"
                }
            },
            "notification-url": "https://packagist.org/downloads/",
            "license": [
                "MIT"
            ],
            "authors": [
                {
                    "name": "Sorin Badea",
                    "email": "sorin.badea91@gmail.com",
                    "homepage": "http://sorinbadea.me",
                    "role": "Developer"
                }
            ],
            "description": "HTTP Server written in PHP",
            "homepage": "http://thinframe.net",
            "keywords": [
                "http",
                "server",
                "thinframe"
            ],
            "time": "2013-11-28 04:18:25"
        }
    ],
    "packages-dev": [

    ],
    "aliases": [

    ],
    "minimum-stability": "dev",
    "stability-flags": {
        "thinframe/foundation": 20,
        "thinframe/events": 20,
        "thinframe/applications": 20,
        "thinframe/command_line": 20,
        "thinframe/annotations": 20,
        "thinframe/pcntl": 20,
        "thinframe/server": 20
    },
    "platform": [

    ],
    "platform-dev": [

    ]
}
